
Microsoft Visual Studio Solution File, Format Version 12.00
# Visual Studio Version 16
VisualStudioVersion = 16.0.29613.14
MinimumVisualStudioVersion = 10.0.40219.1
Project("{FAE04EC0-301F-11D3-BF4B-00C04F79EFBC}") = "ParseTinkoffBrokerReport", "ParseTinkoffBrokerReport.csproj", "{68B85C8E-0B0C-4EC6-B452-E34A5D979D74}"
EndProject
Global
	GlobalSection(SolutionConfigurationPlatforms) = preSolution
		Debug|Any CPU = Debug|Any CPU
		Release|Any CPU = Release|Any CPU
	EndGlobalSection
	GlobalSection(ProjectConfigurationPlatforms) = postSolution
		{68B85C8E-0B0C-4EC6-B452-E34A5D979D74}.Debug|Any CPU.ActiveCfg = Debug|Any CPU
		{68B85C8E-0B0C-4EC6-B452-E34A5D979D74}.Debug|Any CPU.Build.0 = Debug|Any CPU
		{68B85C8E-0B0C-4EC6-B452-E34A5D979D74}.Release|Any CPU.ActiveCfg = Release|Any CPU
		{68B85C8E-0B0C-4EC6-B452-E34A5D979D74}.Release|Any CPU.Build.0 = Release|Any CPU
	EndGlobalSection
	GlobalSection(SolutionProperties) = preSolution
		HideSolutionNode = FALSE
	EndGlobalSection
	GlobalSection(ExtensibilityGlobals) = postSolution
		SolutionGuid = {8EFC37BD-4F21-4726-868C-661E05BED7E2}
	EndGlobalSection
EndGlobal
